{
    "_readme": [
        "This file locks the dependencies of your project to a known state",
        "Read more about it at https://getcomposer.org/doc/01-basic-usage.md#installing-dependencies",
        "This file is @generated automatically"
    ],
    "content-hash": "caf2474dfe00f09e744bddadc8919c10",
    "packages": [
        {
            "name": "bitrix-tools/framework-docs",
            "version": "dev-main",
            "source": {
                "type": "git",
                "url": "https://github.com/bitrix-tools/framework-docs.git",
                "reference": "main"
            },
            "type": "library"
        }
    ],
    "packages-dev": [],
    "aliases": [],
    "minimum-stability": "dev",
    "stability-flags": {
        "bitrix-tools/framework-docs": 20
    },
    "prefer-stable": true,
    "prefer-lowest": false,
    "platform": {
        "php": ">=8.1"
    },
    "platform-dev": {},
    "plugin-api-version": "2.6.0"
}
